
Microsoft Visual Studio Solution File, Format Version 12.00
# Visual Studio Version 17
VisualStudioVersion = 17.0.31903.59
MinimumVisualStudioVersion = 10.0.40219.1
Project("{2150E333-8FDC-42A3-9474-1A3956D46DE8}") = "src", "src", "{827E0CD3-B72D-47B6-A68D-7590B98EB39B}"
EndProject
Project("{2150E333-8FDC-42A3-9474-1A3956D46DE8}") = "Api", "Api", "{81034408-37C8-1011-444E-4C15C2FADA8E}"
EndProject
Project("{FAE04EC0-301F-11D3-BF4B-00C04F79EFBC}") = "PharmaStock.Api", "src\Api\PharmaStock.Api\PharmaStock.Api.csproj", "{1067F38C-0FA5-44C0-B416-D35220D87AA8}"
EndProject
Project("{2150E333-8FDC-42A3-9474-1A3956D46DE8}") = "BuildingBlocks", "BuildingBlocks", "{90298CBA-BD6F-3A0A-69D5-97CAD7B05E7E}"
EndProject
Project("{FAE04EC0-301F-11D3-BF4B-00C04F79EFBC}") = "PharmaStock.BuildingBlocks", "src\BuildingBlocks\PharmaStock.BuildingBlocks\PharmaStock.BuildingBlocks.csproj", "{0A9CBC03-A48A-496E-A8AE-3D43ADFADA24}"
EndProject
Project("{2150E333-8FDC-42A3-9474-1A3956D46DE8}") = "Modules", "Modules", "{EC447DCF-ABFA-6E24-52A5-D7FD48A5C558}"
EndProject
Project("{FAE04EC0-301F-11D3-BF4B-00C04F79EFBC}") = "PharmaStock.Modules.Inventory", "src\Modules\PharmaStock.Modules.Inventory\PharmaStock.Modules.Inventory.csproj", "{D986678D-1852-4471-9BD3-6BC8BFC5D94C}"
EndProject
Project("{FAE04EC0-301F-11D3-BF4B-00C04F79EFBC}") = "PharmaStock.Modules.Sales", "src\Modules\PharmaStock.Modules.Sales\PharmaStock.Modules.Sales.csproj", "{16F82398-6832-41AF-B416-F2C13DB527B0}"
EndProject
Global
	GlobalSection(SolutionConfigurationPlatforms) = preSolution
		Debug|Any CPU = Debug|Any CPU
		Debug|x64 = Debug|x64
		Debug|x86 = Debug|x86
		Release|Any CPU = Release|Any CPU
		Release|x64 = Release|x64
		Release|x86 = Release|x86
	EndGlobalSection
	GlobalSection(ProjectConfigurationPlatforms) = postSolution
		{1067F38C-0FA5-44C0-B416-D35220D87AA8}.Debug|Any CPU.ActiveCfg = Debug|Any CPU
		{1067F38C-0FA5-44C0-B416-D35220D87AA8}.Debug|Any CPU.Build.0 = Debug|Any CPU
		{1067F38C-0FA5-44C0-B416-D35220D87AA8}.Debug|x64.ActiveCfg = Debug|Any CPU
		{1067F38C-0FA5-44C0-B416-D35220D87AA8}.Debug|x64.Build.0 = Debug|Any CPU
		{1067F38C-0FA5-44C0-B416-D35220D87AA8}.Debug|x86.ActiveCfg = Debug|Any CPU
		{1067F38C-0FA5-44C0-B416-D35220D87AA8}.Debug|x86.Build.0 = Debug|Any CPU
		{1067F38C-0FA5-44C0-B416-D35220D87AA8}.Release|Any CPU.ActiveCfg = Release|Any CPU
		{1067F38C-0FA5-44C0-B416-D35220D87AA8}.Release|Any CPU.Build.0 = Release|Any CPU
		{1067F38C-0FA5-44C0-B416-D35220D87AA8}.Release|x64.ActiveCfg = Release|Any CPU
		{1067F38C-0FA5-44C0-B416-D35220D87AA8}.Release|x64.Build.0 = Release|Any CPU
		{1067F38C-0FA5-44C0-B416-D35220D87AA8}.Release|x86.ActiveCfg = Release|Any CPU
		{1067F38C-0FA5-44C0-B416-D35220D87AA8}.Release|x86.Build.0 = Release|Any CPU
		{0A9CBC03-A48A-496E-A8AE-3D43ADFADA24}.Debug|Any CPU.ActiveCfg = Debug|Any CPU
		{0A9CBC03-A48A-496E-A8AE-3D43ADFADA24}.Debug|Any CPU.Build.0 = Debug|Any CPU
		{0A9CBC03-A48A-496E-A8AE-3D43ADFADA24}.Debug|x64.ActiveCfg = Debug|Any CPU
		{0A9CBC03-A48A-496E-A8AE-3D43ADFADA24}.Debug|x64.Build.0 = Debug|Any CPU
		{0A9CBC03-A48A-496E-A8AE-3D43ADFADA24}.Debug|x86.ActiveCfg = Debug|Any CPU
		{0A9CBC03-A48A-496E-A8AE-3D43ADFADA24}.Debug|x86.Build.0 = Debug|Any CPU
		{0A9CBC03-A48A-496E-A8AE-3D43ADFADA24}.Release|Any CPU.ActiveCfg = Release|Any CPU
		{0A9CBC03-A48A-496E-A8AE-3D43ADFADA24}.Release|Any CPU.Build.0 = Release|Any CPU
		{0A9CBC03-A48A-496E-A8AE-3D43ADFADA24}.Release|x64.ActiveCfg = Release|Any CPU
		{0A9CBC03-A48A-496E-A8AE-3D43ADFADA24}.Release|x64.Build.0 = Release|Any CPU
		{0A9CBC03-A48A-496E-A8AE-3D43ADFADA24}.Release|x86.ActiveCfg = Release|Any CPU
		{0A9CBC03-A48A-496E-A8AE-3D43ADFADA24}.Release|x86.Build.0 = Release|Any CPU
		{D986678D-1852-4471-9BD3-6BC8BFC5D94C}.Debug|Any CPU.ActiveCfg = Debug|Any CPU
		{D986678D-1852-4471-9BD3-6BC8BFC5D94C}.Debug|Any CPU.Build.0 = Debug|Any CPU
		{D986678D-1852-4471-9BD3-6BC8BFC5D94C}.Debug|x64.ActiveCfg = Debug|Any CPU
		{D986678D-1852-4471-9BD3-6BC8BFC5D94C}.Debug|x64.Build.0 = Debug|Any CPU
		{D986678D-1852-4471-9BD3-6BC8BFC5D94C}.Debug|x86.ActiveCfg = Debug|Any CPU
		{D986678D-1852-4471-9BD3-6BC8BFC5D94C}.Debug|x86.Build.0 = Debug|Any CPU
		{D986678D-1852-4471-9BD3-6BC8BFC5D94C}.Release|Any CPU.ActiveCfg = Release|Any CPU
		{D986678D-1852-4471-9BD3-6BC8BFC5D94C}.Release|Any CPU.Build.0 = Release|Any CPU
		{D986678D-1852-4471-9BD3-6BC8BFC5D94C}.Release|x64.ActiveCfg = Release|Any CPU
		{D986678D-1852-4471-9BD3-6BC8BFC5D94C}.Release|x64.Build.0 = Release|Any CPU
		{D986678D-1852-4471-9BD3-6BC8BFC5D94C}.Release|x86.ActiveCfg = Release|Any CPU
		{D986678D-1852-4471-9BD3-6BC8BFC5D94C}.Release|x86.Build.0 = Release|Any CPU
		{16F82398-6832-41AF-B416-F2C13DB527B0}.Debug|Any CPU.ActiveCfg = Debug|Any CPU
		{16F82398-6832-41AF-B416-F2C13DB527B0}.Debug|Any CPU.Build.0 = Debug|Any CPU
		{16F82398-6832-41AF-B416-F2C13DB527B0}.Debug|x64.ActiveCfg = Debug|Any CPU
		{16F82398-6832-41AF-B416-F2C13DB527B0}.Debug|x64.Build.0 = Debug|Any CPU
		{16F82398-6832-41AF-B416-F2C13DB527B0}.Debug|x86.ActiveCfg = Debug|Any CPU
		{16F82398-6832-41AF-B416-F2C13DB527B0}.Debug|x86.Build.0 = Debug|Any CPU
		{16F82398-6832-41AF-B416-F2C13DB527B0}.Release|Any CPU.ActiveCfg = Release|Any CPU
		{16F82398-6832-41AF-B416-F2C13DB527B0}.Release|Any CPU.Build.0 = Release|Any CPU
		{16F82398-6832-41AF-B416-F2C13DB527B0}.Release|x64.ActiveCfg = Release|Any CPU
		{16F82398-6832-41AF-B416-F2C13DB527B0}.Release|x64.Build.0 = Release|Any CPU
		{16F82398-6832-41AF-B416-F2C13DB527B0}.Release|x86.ActiveCfg = Release|Any CPU
		{16F82398-6832-41AF-B416-F2C13DB527B0}.Release|x86.Build.0 = Release|Any CPU
	EndGlobalSection
	GlobalSection(SolutionProperties) = preSolution
		HideSolutionNode = FALSE
	EndGlobalSection
	GlobalSection(NestedProjects) = preSolution
		{81034408-37C8-1011-444E-4C15C2FADA8E} = {827E0CD3-B72D-47B6-A68D-7590B98EB39B}
		{1067F38C-0FA5-44C0-B416-D35220D87AA8} = {81034408-37C8-1011-444E-4C15C2FADA8E}
		{90298CBA-BD6F-3A0A-69D5-97CAD7B05E7E} = {827E0CD3-B72D-47B6-A68D-7590B98EB39B}
		{0A9CBC03-A48A-496E-A8AE-3D43ADFADA24} = {90298CBA-BD6F-3A0A-69D5-97CAD7B05E7E}
		{EC447DCF-ABFA-6E24-52A5-D7FD48A5C558} = {827E0CD3-B72D-47B6-A68D-7590B98EB39B}
		{D986678D-1852-4471-9BD3-6BC8BFC5D94C} = {EC447DCF-ABFA-6E24-52A5-D7FD48A5C558}
		{16F82398-6832-41AF-B416-F2C13DB527B0} = {EC447DCF-ABFA-6E24-52A5-D7FD48A5C558}
	EndGlobalSection
EndGlobal
