
Microsoft Visual Studio Solution File, Format Version 12.00
# Visual Studio Version 17
VisualStudioVersion = 17.0.31903.59
MinimumVisualStudioVersion = 10.0.40219.1
Project("{2150E333-8FDC-42A3-9474-1A3956D46DE8}") = "src", "src", "{827E0CD3-B72D-47B6-A68D-7590B98EB39B}"
EndProject
Project("{2150E333-8FDC-42A3-9474-1A3956D46DE8}") = "Api", "Api", "{81034408-37C8-1011-444E-4C15C2FADA8E}"
EndProject
Project("{FAE04EC0-301F-11D3-BF4B-00C04F79EFBC}") = "PharmaStock.Api", "src\Api\PharmaStock.Api\PharmaStock.Api.csproj", "{1067F38C-0FA5-44C0-B416-D35220D87AA8}"
EndProject
Project("{2150E333-8FDC-42A3-9474-1A3956D46DE8}") = "BuildingBlocks", "BuildingBlocks", "{90298CBA-BD6F-3A0A-69D5-97CAD7B05E7E}"
EndProject
Project("{FAE04EC0-301F-11D3-BF4B-00C04F79EFBC}") = "PharmaStock.BuildingBlocks", "src\BuildingBlocks\PharmaStock.BuildingBlocks\PharmaStock.BuildingBlocks.csproj", "{0A9CBC03-A48A-496E-A8AE-3D43ADFADA24}"
EndProject
Project("{2150E333-8FDC-42A3-9474-1A3956D46DE8}") = "Modules", "Modules", "{EC447DCF-ABFA-6E24-52A5-D7FD48A5C558}"
EndProject
Project("{2150E333-8FDC-42A3-9474-1A3956D46DE8}") = "Product", "Product", "{E147DCF0-ABFA-6E24-52A5-D7FD48A5C560}"
EndProject
Project("{FAE04EC0-301F-11D3-BF4B-00C04F79EFBC}") = "PharmaStock.Modules.Product.Domain", "src\Modules\PharmaStock.Modules.Product\PharmaStock.Modules.Product.Domain\PharmaStock.Modules.Product.Domain.csproj", "{E147DCF1-ABFA-6E24-52A5-D7FD48A5C561}"
EndProject
Project("{FAE04EC0-301F-11D3-BF4B-00C04F79EFBC}") = "PharmaStock.Modules.Product.Application", "src\Modules\PharmaStock.Modules.Product\PharmaStock.Modules.Product.Application\PharmaStock.Modules.Product.Application.csproj", "{E147DCF2-ABFA-6E24-52A5-D7FD48A5C562}"
EndProject
Project("{FAE04EC0-301F-11D3-BF4B-00C04F79EFBC}") = "PharmaStock.Modules.Product.Infrastructure", "src\Modules\PharmaStock.Modules.Product\PharmaStock.Modules.Product.Infrastructure\PharmaStock.Modules.Product.Infrastructure.csproj", "{E147DCF3-ABFA-6E24-52A5-D7FD48A5C563}"
EndProject
Project("{2150E333-8FDC-42A3-9474-1A3956D46DE8}") = "tests", "tests", "{E247DCF0-ABFA-6E24-52A5-D7FD48A5C570}"
EndProject
Project("{FAE04EC0-301F-11D3-BF4B-00C04F79EFBC}") = "PharmaStock.Tests.Common", "tests\PharmaStock.Tests.Common\PharmaStock.Tests.Common.csproj", "{E247DCF1-ABFA-6E24-52A5-D7FD48A5C571}"
EndProject
Project("{2150E333-8FDC-42A3-9474-1A3956D46DE8}") = "PharmaStock.Modules.Product", "PharmaStock.Modules.Product", "{EC4E5A9D-ED33-0003-BF75-D86F9A110966}"
EndProject
Project("{FAE04EC0-301F-11D3-BF4B-00C04F79EFBC}") = "PharmaStock.Modules.Product.Presentation", "src\Modules\PharmaStock.Modules.Product\PharmaStock.Modules.Product.Presentation\PharmaStock.Modules.Product.Presentation.csproj", "{C37BFF30-AB62-4D47-BB44-94F41443AFEE}"
EndProject
Global
	GlobalSection(SolutionConfigurationPlatforms) = preSolution
		Debug|Any CPU = Debug|Any CPU
		Debug|x64 = Debug|x64
		Debug|x86 = Debug|x86
		Release|Any CPU = Release|Any CPU
		Release|x64 = Release|x64
		Release|x86 = Release|x86
	EndGlobalSection
	GlobalSection(ProjectConfigurationPlatforms) = postSolution
		{1067F38C-0FA5-44C0-B416-D35220D87AA8}.Debug|Any CPU.ActiveCfg = Debug|Any CPU
		{1067F38C-0FA5-44C0-B416-D35220D87AA8}.Debug|Any CPU.Build.0 = Debug|Any CPU
		{1067F38C-0FA5-44C0-B416-D35220D87AA8}.Debug|x64.ActiveCfg = Debug|Any CPU
		{1067F38C-0FA5-44C0-B416-D35220D87AA8}.Debug|x64.Build.0 = Debug|Any CPU
		{1067F38C-0FA5-44C0-B416-D35220D87AA8}.Debug|x86.ActiveCfg = Debug|Any CPU
		{1067F38C-0FA5-44C0-B416-D35220D87AA8}.Debug|x86.Build.0 = Debug|Any CPU
		{1067F38C-0FA5-44C0-B416-D35220D87AA8}.Release|Any CPU.ActiveCfg = Release|Any CPU
		{1067F38C-0FA5-44C0-B416-D35220D87AA8}.Release|Any CPU.Build.0 = Release|Any CPU
		{1067F38C-0FA5-44C0-B416-D35220D87AA8}.Release|x64.ActiveCfg = Release|Any CPU
		{1067F38C-0FA5-44C0-B416-D35220D87AA8}.Release|x64.Build.0 = Release|Any CPU
		{1067F38C-0FA5-44C0-B416-D35220D87AA8}.Release|x86.ActiveCfg = Release|Any CPU
		{1067F38C-0FA5-44C0-B416-D35220D87AA8}.Release|x86.Build.0 = Release|Any CPU
		{0A9CBC03-A48A-496E-A8AE-3D43ADFADA24}.Debug|Any CPU.ActiveCfg = Debug|Any CPU
		{0A9CBC03-A48A-496E-A8AE-3D43ADFADA24}.Debug|Any CPU.Build.0 = Debug|Any CPU
		{0A9CBC03-A48A-496E-A8AE-3D43ADFADA24}.Debug|x64.ActiveCfg = Debug|Any CPU
		{0A9CBC03-A48A-496E-A8AE-3D43ADFADA24}.Debug|x64.Build.0 = Debug|Any CPU
		{0A9CBC03-A48A-496E-A8AE-3D43ADFADA24}.Debug|x86.ActiveCfg = Debug|Any CPU
		{0A9CBC03-A48A-496E-A8AE-3D43ADFADA24}.Debug|x86.Build.0 = Debug|Any CPU
		{0A9CBC03-A48A-496E-A8AE-3D43ADFADA24}.Release|Any CPU.ActiveCfg = Release|Any CPU
		{0A9CBC03-A48A-496E-A8AE-3D43ADFADA24}.Release|Any CPU.Build.0 = Release|Any CPU
		{0A9CBC03-A48A-496E-A8AE-3D43ADFADA24}.Release|x64.ActiveCfg = Release|Any CPU
		{0A9CBC03-A48A-496E-A8AE-3D43ADFADA24}.Release|x64.Build.0 = Release|Any CPU
		{0A9CBC03-A48A-496E-A8AE-3D43ADFADA24}.Release|x86.ActiveCfg = Release|Any CPU
		{0A9CBC03-A48A-496E-A8AE-3D43ADFADA24}.Release|x86.Build.0 = Release|Any CPU
		{E147DCF1-ABFA-6E24-52A5-D7FD48A5C561}.Debug|Any CPU.ActiveCfg = Debug|Any CPU
		{E147DCF1-ABFA-6E24-52A5-D7FD48A5C561}.Debug|Any CPU.Build.0 = Debug|Any CPU
		{E147DCF1-ABFA-6E24-52A5-D7FD48A5C561}.Debug|x64.ActiveCfg = Debug|Any CPU
		{E147DCF1-ABFA-6E24-52A5-D7FD48A5C561}.Debug|x64.Build.0 = Debug|Any CPU
		{E147DCF1-ABFA-6E24-52A5-D7FD48A5C561}.Debug|x86.ActiveCfg = Debug|Any CPU
		{E147DCF1-ABFA-6E24-52A5-D7FD48A5C561}.Debug|x86.Build.0 = Debug|Any CPU
		{E147DCF1-ABFA-6E24-52A5-D7FD48A5C561}.Release|Any CPU.ActiveCfg = Release|Any CPU
		{E147DCF1-ABFA-6E24-52A5-D7FD48A5C561}.Release|Any CPU.Build.0 = Release|Any CPU
		{E147DCF1-ABFA-6E24-52A5-D7FD48A5C561}.Release|x64.ActiveCfg = Release|Any CPU
		{E147DCF1-ABFA-6E24-52A5-D7FD48A5C561}.Release|x64.Build.0 = Release|Any CPU
		{E147DCF1-ABFA-6E24-52A5-D7FD48A5C561}.Release|x86.ActiveCfg = Release|Any CPU
		{E147DCF1-ABFA-6E24-52A5-D7FD48A5C561}.Release|x86.Build.0 = Release|Any CPU
		{E147DCF2-ABFA-6E24-52A5-D7FD48A5C562}.Debug|Any CPU.ActiveCfg = Debug|Any CPU
		{E147DCF2-ABFA-6E24-52A5-D7FD48A5C562}.Debug|Any CPU.Build.0 = Debug|Any CPU
		{E147DCF2-ABFA-6E24-52A5-D7FD48A5C562}.Debug|x64.ActiveCfg = Debug|Any CPU
		{E147DCF2-ABFA-6E24-52A5-D7FD48A5C562}.Debug|x64.Build.0 = Debug|Any CPU
		{E147DCF2-ABFA-6E24-52A5-D7FD48A5C562}.Debug|x86.ActiveCfg = Debug|Any CPU
		{E147DCF2-ABFA-6E24-52A5-D7FD48A5C562}.Debug|x86.Build.0 = Debug|Any CPU
		{E147DCF2-ABFA-6E24-52A5-D7FD48A5C562}.Release|Any CPU.ActiveCfg = Release|Any CPU
		{E147DCF2-ABFA-6E24-52A5-D7FD48A5C562}.Release|Any CPU.Build.0 = Release|Any CPU
		{E147DCF2-ABFA-6E24-52A5-D7FD48A5C562}.Release|x64.ActiveCfg = Release|Any CPU
		{E147DCF2-ABFA-6E24-52A5-D7FD48A5C562}.Release|x64.Build.0 = Release|Any CPU
		{E147DCF2-ABFA-6E24-52A5-D7FD48A5C562}.Release|x86.ActiveCfg = Release|Any CPU
		{E147DCF2-ABFA-6E24-52A5-D7FD48A5C562}.Release|x86.Build.0 = Release|Any CPU
		{E147DCF3-ABFA-6E24-52A5-D7FD48A5C563}.Debug|Any CPU.ActiveCfg = Debug|Any CPU
		{E147DCF3-ABFA-6E24-52A5-D7FD48A5C563}.Debug|Any CPU.Build.0 = Debug|Any CPU
		{E147DCF3-ABFA-6E24-52A5-D7FD48A5C563}.Debug|x64.ActiveCfg = Debug|Any CPU
		{E147DCF3-ABFA-6E24-52A5-D7FD48A5C563}.Debug|x64.Build.0 = Debug|Any CPU
		{E147DCF3-ABFA-6E24-52A5-D7FD48A5C563}.Debug|x86.ActiveCfg = Debug|Any CPU
		{E147DCF3-ABFA-6E24-52A5-D7FD48A5C563}.Debug|x86.Build.0 = Debug|Any CPU
		{E147DCF3-ABFA-6E24-52A5-D7FD48A5C563}.Release|Any CPU.ActiveCfg = Release|Any CPU
		{E147DCF3-ABFA-6E24-52A5-D7FD48A5C563}.Release|Any CPU.Build.0 = Release|Any CPU
		{E147DCF3-ABFA-6E24-52A5-D7FD48A5C563}.Release|x64.ActiveCfg = Release|Any CPU
		{E147DCF3-ABFA-6E24-52A5-D7FD48A5C563}.Release|x64.Build.0 = Release|Any CPU
		{E147DCF3-ABFA-6E24-52A5-D7FD48A5C563}.Release|x86.ActiveCfg = Release|Any CPU
		{E147DCF3-ABFA-6E24-52A5-D7FD48A5C563}.Release|x86.Build.0 = Release|Any CPU
		{E247DCF1-ABFA-6E24-52A5-D7FD48A5C571}.Debug|Any CPU.ActiveCfg = Debug|Any CPU
		{E247DCF1-ABFA-6E24-52A5-D7FD48A5C571}.Debug|Any CPU.Build.0 = Debug|Any CPU
		{E247DCF1-ABFA-6E24-52A5-D7FD48A5C571}.Release|Any CPU.ActiveCfg = Release|Any CPU
		{E247DCF1-ABFA-6E24-52A5-D7FD48A5C571}.Release|Any CPU.Build.0 = Release|Any CPU
		{C37BFF30-AB62-4D47-BB44-94F41443AFEE}.Debug|Any CPU.ActiveCfg = Debug|Any CPU
		{C37BFF30-AB62-4D47-BB44-94F41443AFEE}.Debug|Any CPU.Build.0 = Debug|Any CPU
		{C37BFF30-AB62-4D47-BB44-94F41443AFEE}.Debug|x64.ActiveCfg = Debug|Any CPU
		{C37BFF30-AB62-4D47-BB44-94F41443AFEE}.Debug|x64.Build.0 = Debug|Any CPU
		{C37BFF30-AB62-4D47-BB44-94F41443AFEE}.Debug|x86.ActiveCfg = Debug|Any CPU
		{C37BFF30-AB62-4D47-BB44-94F41443AFEE}.Debug|x86.Build.0 = Debug|Any CPU
		{C37BFF30-AB62-4D47-BB44-94F41443AFEE}.Release|Any CPU.ActiveCfg = Release|Any CPU
		{C37BFF30-AB62-4D47-BB44-94F41443AFEE}.Release|Any CPU.Build.0 = Release|Any CPU
		{C37BFF30-AB62-4D47-BB44-94F41443AFEE}.Release|x64.ActiveCfg = Release|Any CPU
		{C37BFF30-AB62-4D47-BB44-94F41443AFEE}.Release|x64.Build.0 = Release|Any CPU
		{C37BFF30-AB62-4D47-BB44-94F41443AFEE}.Release|x86.ActiveCfg = Release|Any CPU
		{C37BFF30-AB62-4D47-BB44-94F41443AFEE}.Release|x86.Build.0 = Release|Any CPU
	EndGlobalSection
	GlobalSection(SolutionProperties) = preSolution
		HideSolutionNode = FALSE
	EndGlobalSection
	GlobalSection(NestedProjects) = preSolution
		{81034408-37C8-1011-444E-4C15C2FADA8E} = {827E0CD3-B72D-47B6-A68D-7590B98EB39B}
		{1067F38C-0FA5-44C0-B416-D35220D87AA8} = {81034408-37C8-1011-444E-4C15C2FADA8E}
		{90298CBA-BD6F-3A0A-69D5-97CAD7B05E7E} = {827E0CD3-B72D-47B6-A68D-7590B98EB39B}
		{0A9CBC03-A48A-496E-A8AE-3D43ADFADA24} = {90298CBA-BD6F-3A0A-69D5-97CAD7B05E7E}
		{EC447DCF-ABFA-6E24-52A5-D7FD48A5C558} = {827E0CD3-B72D-47B6-A68D-7590B98EB39B}
		{E147DCF0-ABFA-6E24-52A5-D7FD48A5C560} = {EC447DCF-ABFA-6E24-52A5-D7FD48A5C558}
		{E147DCF1-ABFA-6E24-52A5-D7FD48A5C561} = {E147DCF0-ABFA-6E24-52A5-D7FD48A5C560}
		{E147DCF2-ABFA-6E24-52A5-D7FD48A5C562} = {E147DCF0-ABFA-6E24-52A5-D7FD48A5C560}
		{E147DCF3-ABFA-6E24-52A5-D7FD48A5C563} = {E147DCF0-ABFA-6E24-52A5-D7FD48A5C560}
		{E247DCF0-ABFA-6E24-52A5-D7FD48A5C570} = {827E0CD3-B72D-47B6-A68D-7590B98EB39B}
		{E247DCF1-ABFA-6E24-52A5-D7FD48A5C571} = {E247DCF0-ABFA-6E24-52A5-D7FD48A5C570}
		{EC4E5A9D-ED33-0003-BF75-D86F9A110966} = {EC447DCF-ABFA-6E24-52A5-D7FD48A5C558}
		{C37BFF30-AB62-4D47-BB44-94F41443AFEE} = {EC4E5A9D-ED33-0003-BF75-D86F9A110966}
	EndGlobalSection
EndGlobal
